{
  "nodes": {
    "flake-parts": {
      "inputs": {
        "nixpkgs-lib": "nixpkgs-lib"
      },
      "locked": {
        "lastModified": 1775087534,
        "narHash": "sha256-91qqW8lhL7TLwgQWijoGBbiD4t7/q75KTi8NxjVmSmA=",
        "owner": "hercules-ci",
        "repo": "flake-parts",
        "rev": "3107b77cd68437b9a76194f0f7f9c55f2329ca5b",
        "type": "github"
      },
      "original": {
        "owner": "hercules-ci",
        "repo": "flake-parts",
        "type": "github"
      }
    },
    "nixpkgs": {
      "locked": {
        "lastModified": 1782847189,
        "narHash": "sha256-twXPFqFsrrY5r28Zh7Homgcp2gUMBgQ6WDS98Q/3xFI=",
        "owner": "nixos",
        "repo": "nixpkgs",
        "rev": "b6018f87da91d19d0ab4cf979885689b469cdd41",
        "type": "github"
      },
      "original": {
        "owner": "nixos",
        "ref": "nixos-25.11",
        "repo": "nixpkgs",
        "type": "github"
      }
    },
    "nixpkgs-lib": {
      "locked": {
        "lastModified": 1774748309,
        "narHash": "sha256-+U7gF3qxzwD5TZuANzZPeJTZRHS29OFQgkQ2kiTJBIQ=",
        "owner": "nix-community",
        "repo": "nixpkgs.lib",
        "rev": "333c4e0545a6da976206c74db8773a1645b5870a",
        "type": "github"
      },
      "original": {
        "owner": "nix-community",
        "repo": "nixpkgs.lib",
        "type": "github"
      }
    },
    "nixpkgs_2": {
      "locked": {
        "lastModified": 1786650590,
        "narHash": "sha256-eNTql67mPqDvBnYz5YA2PqjyY1VMftFYdQ0Rz5u9ZXM=",
        "owner": "nixos",
        "repo": "nixpkgs",
        "rev": "b098de5018e6e38e7150e75d5be6cb636d6bec7a",
        "type": "github"
      },
      "original": {
        "owner": "nixos",
        "repo": "nixpkgs",
        "rev": "b098de5018e6e38e7150e75d5be6cb636d6bec7a",
        "type": "github"
      }
    },
    "rock5c-nixos": {
      "inputs": {
        "flake-parts": "flake-parts",
        "nixpkgs": "nixpkgs_2"
      },
      "locked": {
        "lastModified": 1783353564,
        "narHash": "sha256-zCSsrf4Ft3bCBB5AMWAW7gFhvt7JxuZH95EO4HoWgUU=",
        "owner": "johnrichardrinehart",
        "repo": "rock5c-nixos",
        "rev": "ec61d586f256c93900445db18b3e660a0c9647a9",
        "type": "github"
      },
      "original": {
        "owner": "johnrichardrinehart",
        "repo": "rock5c-nixos",
        "type": "github"
      }
    },
    "root": {
      "inputs": {
        "nixpkgs": "nixpkgs",
        "rock5c-nixos": "rock5c-nixos"
      }
    }
  },
  "root": "root",
  "version": 7
}
